
Microsoft Visual Studio Solution File, Format Version 12.00
# Visual Studio Version 17
VisualStudioVersion = 17.10.35013.160
MinimumVisualStudioVersion = 10.0.40219.1
Project("{FAE04EC0-301F-11D3-BF4B-00C04F79EFBC}") = "dbimg", "dbimg\dbimg.csproj", "{B608DE71-84C2-43A3-8235-DE815068D2B7}"
EndProject
Global
	GlobalSection(SolutionConfigurationPlatforms) = preSolution
		Debug|Any CPU = Debug|Any CPU
		Release|Any CPU = Release|Any CPU
	EndGlobalSection
	GlobalSection(ProjectConfigurationPlatforms) = postSolution
		{B608DE71-84C2-43A3-8235-DE815068D2B7}.Debug|Any CPU.ActiveCfg = Debug|Any CPU
		{B608DE71-84C2-43A3-8235-DE815068D2B7}.Debug|Any CPU.Build.0 = Debug|Any CPU
		{B608DE71-84C2-43A3-8235-DE815068D2B7}.Release|Any CPU.ActiveCfg = Release|Any CPU
		{B608DE71-84C2-43A3-8235-DE815068D2B7}.Release|Any CPU.Build.0 = Release|Any CPU
	EndGlobalSection
	GlobalSection(SolutionProperties) = preSolution
		HideSolutionNode = FALSE
	EndGlobalSection
	GlobalSection(ExtensibilityGlobals) = postSolution
		SolutionGuid = {8B6A2476-CFEB-4015-94A6-A6F800761A32}
	EndGlobalSection
EndGlobal
