
Microsoft Visual Studio Solution File, Format Version 12.00
# Visual Studio Version 17
VisualStudioVersion = 17.10.35013.160
MinimumVisualStudioVersion = 10.0.40219.1
Project("{FAE04EC0-301F-11D3-BF4B-00C04F79EFBC}") = "tasklogin", "tasklogin\tasklogin.csproj", "{3EB1C95E-75FA-4909-930C-6348314CD5C9}"
EndProject
Global
	GlobalSection(SolutionConfigurationPlatforms) = preSolution
		Debug|Any CPU = Debug|Any CPU
		Release|Any CPU = Release|Any CPU
	EndGlobalSection
	GlobalSection(ProjectConfigurationPlatforms) = postSolution
		{3EB1C95E-75FA-4909-930C-6348314CD5C9}.Debug|Any CPU.ActiveCfg = Debug|Any CPU
		{3EB1C95E-75FA-4909-930C-6348314CD5C9}.Debug|Any CPU.Build.0 = Debug|Any CPU
		{3EB1C95E-75FA-4909-930C-6348314CD5C9}.Release|Any CPU.ActiveCfg = Release|Any CPU
		{3EB1C95E-75FA-4909-930C-6348314CD5C9}.Release|Any CPU.Build.0 = Release|Any CPU
	EndGlobalSection
	GlobalSection(SolutionProperties) = preSolution
		HideSolutionNode = FALSE
	EndGlobalSection
	GlobalSection(ExtensibilityGlobals) = postSolution
		SolutionGuid = {5B54ACB0-1E7B-4452-975E-A56D2B76E0EB}
	EndGlobalSection
EndGlobal
