
Microsoft Visual Studio Solution File, Format Version 12.00
# Visual Studio Version 17
VisualStudioVersion = 17.10.35013.160
MinimumVisualStudioVersion = 10.0.40219.1
Project("{FAE04EC0-301F-11D3-BF4B-00C04F79EFBC}") = "test2", "test2\test2.csproj", "{2D61B57D-A756-449E-A397-0A5E039147FA}"
EndProject
Global
	GlobalSection(SolutionConfigurationPlatforms) = preSolution
		Debug|Any CPU = Debug|Any CPU
		Release|Any CPU = Release|Any CPU
	EndGlobalSection
	GlobalSection(ProjectConfigurationPlatforms) = postSolution
		{2D61B57D-A756-449E-A397-0A5E039147FA}.Debug|Any CPU.ActiveCfg = Debug|Any CPU
		{2D61B57D-A756-449E-A397-0A5E039147FA}.Debug|Any CPU.Build.0 = Debug|Any CPU
		{2D61B57D-A756-449E-A397-0A5E039147FA}.Release|Any CPU.ActiveCfg = Release|Any CPU
		{2D61B57D-A756-449E-A397-0A5E039147FA}.Release|Any CPU.Build.0 = Release|Any CPU
	EndGlobalSection
	GlobalSection(SolutionProperties) = preSolution
		HideSolutionNode = FALSE
	EndGlobalSection
	GlobalSection(ExtensibilityGlobals) = postSolution
		SolutionGuid = {503B05F5-CE59-406A-AD83-E4580E437415}
	EndGlobalSection
EndGlobal
